
Microsoft Visual Studio Solution File, Format Version 12.00
# Visual Studio Version 17
VisualStudioVersion = 17.4.33103.184
MinimumVisualStudioVersion = 10.0.40219.1
Project("{9A19103F-16F7-4668-BE54-9A1E7A4F7556}") = "KutuphaneOtomasyonu", "KutuphaneOtomasyonu.csproj", "{C955B5C9-E9B8-4C60-9893-94D9BA59D9E7}"
EndProject
Global
	GlobalSection(SolutionConfigurationPlatforms) = preSolution
		Debug|Any CPU = Debug|Any CPU
		Release|Any CPU = Release|Any CPU
	EndGlobalSection
	GlobalSection(ProjectConfigurationPlatforms) = postSolution
		{C955B5C9-E9B8-4C60-9893-94D9BA59D9E7}.Debug|Any CPU.ActiveCfg = Debug|Any CPU
		{C955B5C9-E9B8-4C60-9893-94D9BA59D9E7}.Debug|Any CPU.Build.0 = Debug|Any CPU
		{C955B5C9-E9B8-4C60-9893-94D9BA59D9E7}.Release|Any CPU.ActiveCfg = Release|Any CPU
		{C955B5C9-E9B8-4C60-9893-94D9BA59D9E7}.Release|Any CPU.Build.0 = Release|Any CPU
	EndGlobalSection
	GlobalSection(SolutionProperties) = preSolution
		HideSolutionNode = FALSE
	EndGlobalSection
	GlobalSection(ExtensibilityGlobals) = postSolution
		SolutionGuid = {567CD599-E90D-40D2-9A24-D8251A8CA349}
	EndGlobalSection
EndGlobal
